
Microsoft Visual Studio Solution File, Format Version 12.00
# Visual Studio Version 17
VisualStudioVersion = 17.8.34511.84
MinimumVisualStudioVersion = 10.0.40219.1
Project("{FAE04EC0-301F-11D3-BF4B-00C04F79EFBC}") = "Route.Talabat.APIs", "Route.Talabat.APIs\Route.Talabat.APIs.csproj", "{FE7CF390-8EE7-409D-BC3F-06E2F74A9544}"
EndProject
Global
	GlobalSection(SolutionConfigurationPlatforms) = preSolution
		Debug|Any CPU = Debug|Any CPU
		Release|Any CPU = Release|Any CPU
	EndGlobalSection
	GlobalSection(ProjectConfigurationPlatforms) = postSolution
		{FE7CF390-8EE7-409D-BC3F-06E2F74A9544}.Debug|Any CPU.ActiveCfg = Debug|Any CPU
		{FE7CF390-8EE7-409D-BC3F-06E2F74A9544}.Debug|Any CPU.Build.0 = Debug|Any CPU
		{FE7CF390-8EE7-409D-BC3F-06E2F74A9544}.Release|Any CPU.ActiveCfg = Release|Any CPU
		{FE7CF390-8EE7-409D-BC3F-06E2F74A9544}.Release|Any CPU.Build.0 = Release|Any CPU
	EndGlobalSection
	GlobalSection(SolutionProperties) = preSolution
		HideSolutionNode = FALSE
	EndGlobalSection
	GlobalSection(ExtensibilityGlobals) = postSolution
		SolutionGuid = {BDFD4DC3-DAE2-4787-B10C-3ABB509E42BC}
	EndGlobalSection
EndGlobal
